// !$*UTF8*$!
{
	archiveVersion = 1;
	classes = {
	};
	objectVersion = 50;
	objects = {

/* Begin PBXBuildFile section */
		AB13CB92218D0ECE004BE183 /* AppDelegate.swift in Sources */ = {isa = PBXBuildFile; fileRef = AB13CB91218D0ECE004BE183 /* AppDelegate.swift */; };
		AB13CB97218D0ECE004BE183 /* Main.storyboard in Resources */ = {isa = PBXBuildFile; fileRef = AB13CB95218D0ECE004BE183 /* Main.storyboard */; };
		AB13CB9C218D0ECF004BE183 /* Assets.xcassets in Resources */ = {isa = PBXBuildFile; fileRef = AB13CB9B218D0ECF004BE183 /* Assets.xcassets */; };
		AB13CB9F218D0ECF004BE183 /* LaunchScreen.storyboard in Resources */ = {isa = PBXBuildFile; fileRef = AB13CB9D218D0ECF004BE183 /* LaunchScreen.storyboard */; };
		AB5940DF218D9E8700E605B0 /* Places.xcdatamodeld in Sources */ = {isa = PBXBuildFile; fileRef = AB5940DD218D9E8700E605B0 /* Places.xcdatamodeld */; };
		AB5940E6218D9F1C00E605B0 /* PlaceImage+CoreDataClass.swift in Sources */ = {isa = PBXBuildFile; fileRef = AB5940E0218D9F1C00E605B0 /* PlaceImage+CoreDataClass.swift */; };
		AB5940E7218D9F1C00E605B0 /* PlaceImage+CoreDataProperties.swift in Sources */ = {isa = PBXBuildFile; fileRef = AB5940E1218D9F1C00E605B0 /* PlaceImage+CoreDataProperties.swift */; };
		AB5940E8218D9F1C00E605B0 /* Place+CoreDataClass.swift in Sources */ = {isa = PBXBuildFile; fileRef = AB5940E2218D9F1C00E605B0 /* Place+CoreDataClass.swift */; };
		AB5940E9218D9F1C00E605B0 /* Place+CoreDataProperties.swift in Sources */ = {isa = PBXBuildFile; fileRef = AB5940E3218D9F1C00E605B0 /* Place+CoreDataProperties.swift */; };
		AB5940EA218D9F1C00E605B0 /* Location+CoreDataClass.swift in Sources */ = {isa = PBXBuildFile; fileRef = AB5940E4218D9F1C00E605B0 /* Location+CoreDataClass.swift */; };
		AB5940EB218D9F1C00E605B0 /* Location+CoreDataProperties.swift in Sources */ = {isa = PBXBuildFile; fileRef = AB5940E5218D9F1C00E605B0 /* Location+CoreDataProperties.swift */; };
		AB5940ED218D9FA100E605B0 /* CoreDataManager.swift in Sources */ = {isa = PBXBuildFile; fileRef = AB5940EC218D9FA100E605B0 /* CoreDataManager.swift */; };
		AB5940EF218DA97C00E605B0 /* PlacesController.swift in Sources */ = {isa = PBXBuildFile; fileRef = AB5940EE218DA97C00E605B0 /* PlacesController.swift */; };
		AB5940F1218DABA500E605B0 /* PlacesCell.swift in Sources */ = {isa = PBXBuildFile; fileRef = AB5940F0218DABA500E605B0 /* PlacesCell.swift */; };
		AB5940F3218DAE9600E605B0 /* MapController.swift in Sources */ = {isa = PBXBuildFile; fileRef = AB5940F2218DAE9600E605B0 /* MapController.swift */; };
		AB868649218DB93700EE81CE /* PlaceController.swift in Sources */ = {isa = PBXBuildFile; fileRef = AB868648218DB93700EE81CE /* PlaceController.swift */; };
		AB86864C218E1EBF00EE81CE /* LocationManager.swift in Sources */ = {isa = PBXBuildFile; fileRef = AB86864B218E1EBF00EE81CE /* LocationManager.swift */; };
		AB8ADE0E2196365F007EE65B /* PlacesListScreen.png in Resources */ = {isa = PBXBuildFile; fileRef = AB8ADE0A2196365F007EE65B /* PlacesListScreen.png */; };
		AB8ADE0F2196365F007EE65B /* PlaceAddingScreen.png in Resources */ = {isa = PBXBuildFile; fileRef = AB8ADE0B2196365F007EE65B /* PlaceAddingScreen.png */; };
		AB8ADE102196365F007EE65B /* PlacesMapScreen.png in Resources */ = {isa = PBXBuildFile; fileRef = AB8ADE0C2196365F007EE65B /* PlacesMapScreen.png */; };
		AB8ADE112196365F007EE65B /* LaunchScreen.png in Resources */ = {isa = PBXBuildFile; fileRef = AB8ADE0D2196365F007EE65B /* LaunchScreen.png */; };
		AB925022218FA20F003258C3 /* PlaceAnnotation.swift in Sources */ = {isa = PBXBuildFile; fileRef = AB925021218FA20F003258C3 /* PlaceAnnotation.swift */; };
		ABC9BBDE218E567700A9CDB7 /* LocalizationManager.swift in Sources */ = {isa = PBXBuildFile; fileRef = ABC9BBDD218E567700A9CDB7 /* LocalizationManager.swift */; };
		ABC9BBDF218E572400A9CDB7 /* Localizable.strings in Resources */ = {isa = PBXBuildFile; fileRef = ABC9BBE1218E572400A9CDB7 /* Localizable.strings */; };
/* End PBXBuildFile section */

/* Begin PBXFileReference section */
		AB13CB8E218D0ECE004BE183 /* Places.app */ = {isa = PBXFileReference; explicitFileType = wrapper.application; includeInIndex = 0; path = Places.app; sourceTree = BUILT_PRODUCTS_DIR; };
		AB13CB91218D0ECE004BE183 /* AppDelegate.swift */ = {isa = PBXFileReference; lastKnownFileType = sourcecode.swift; path = AppDelegate.swift; sourceTree = "<group>"; };
		AB13CB96218D0ECE004BE183 /* Base */ = {isa = PBXFileReference; lastKnownFileType = file.storyboard; name = Base; path = Base.lproj/Main.storyboard; sourceTree = "<group>"; };
		AB13CB9B218D0ECF004BE183 /* Assets.xcassets */ = {isa = PBXFileReference; lastKnownFileType = folder.assetcatalog; path = Assets.xcassets; sourceTree = "<group>"; };
		AB13CB9E218D0ECF004BE183 /* Base */ = {isa = PBXFileReference; lastKnownFileType = file.storyboard; name = Base; path = Base.lproj/LaunchScreen.storyboard; sourceTree = "<group>"; };
		AB13CBA0218D0ECF004BE183 /* Info.plist */ = {isa = PBXFileReference; lastKnownFileType = text.plist.xml; path = Info.plist; sourceTree = "<group>"; };
		AB5940DE218D9E8700E605B0 /* Places.xcdatamodel */ = {isa = PBXFileReference; lastKnownFileType = wrapper.xcdatamodel; path = Places.xcdatamodel; sourceTree = "<group>"; };
		AB5940E0218D9F1C00E605B0 /* PlaceImage+CoreDataClass.swift */ = {isa = PBXFileReference; lastKnownFileType = sourcecode.swift; path = "PlaceImage+CoreDataClass.swift"; sourceTree = "<group>"; };
		AB5940E1218D9F1C00E605B0 /* PlaceImage+CoreDataProperties.swift */ = {isa = PBXFileReference; lastKnownFileType = sourcecode.swift; path = "PlaceImage+CoreDataProperties.swift"; sourceTree = "<group>"; };
		AB5940E2218D9F1C00E605B0 /* Place+CoreDataClass.swift */ = {isa = PBXFileReference; lastKnownFileType = sourcecode.swift; path = "Place+CoreDataClass.swift"; sourceTree = "<group>"; };
		AB5940E3218D9F1C00E605B0 /* Place+CoreDataProperties.swift */ = {isa = PBXFileReference; lastKnownFileType = sourcecode.swift; path = "Place+CoreDataProperties.swift"; sourceTree = "<group>"; };
		AB5940E4218D9F1C00E605B0 /* Location+CoreDataClass.swift */ = {isa = PBXFileReference; lastKnownFileType = sourcecode.swift; path = "Location+CoreDataClass.swift"; sourceTree = "<group>"; };
		AB5940E5218D9F1C00E605B0 /* Location+CoreDataProperties.swift */ = {isa = PBXFileReference; lastKnownFileType = sourcecode.swift; path = "Location+CoreDataProperties.swift"; sourceTree = "<group>"; };
		AB5940EC218D9FA100E605B0 /* CoreDataManager.swift */ = {isa = PBXFileReference; lastKnownFileType = sourcecode.swift; path = CoreDataManager.swift; sourceTree = "<group>"; };
		AB5940EE218DA97C00E605B0 /* PlacesController.swift */ = {isa = PBXFileReference; lastKnownFileType = sourcecode.swift; path = PlacesController.swift; sourceTree = "<group>"; };
		AB5940F0218DABA500E605B0 /* PlacesCell.swift */ = {isa = PBXFileReference; lastKnownFileType = sourcecode.swift; path = PlacesCell.swift; sourceTree = "<group>"; };
		AB5940F2218DAE9600E605B0 /* MapController.swift */ = {isa = PBXFileReference; lastKnownFileType = sourcecode.swift; path = MapController.swift; sourceTree = "<group>"; };
		AB868648218DB93700EE81CE /* PlaceController.swift */ = {isa = PBXFileReference; lastKnownFileType = sourcecode.swift; path = PlaceController.swift; sourceTree = "<group>"; };
		AB86864B218E1EBF00EE81CE /* LocationManager.swift */ = {isa = PBXFileReference; lastKnownFileType = sourcecode.swift; path = LocationManager.swift; sourceTree = "<group>"; };
		AB8ADE0A2196365F007EE65B /* PlacesListScreen.png */ = {isa = PBXFileReference; lastKnownFileType = image.png; path = PlacesListScreen.png; sourceTree = "<group>"; };
		AB8ADE0B2196365F007EE65B /* PlaceAddingScreen.png */ = {isa = PBXFileReference; lastKnownFileType = image.png; path = PlaceAddingScreen.png; sourceTree = "<group>"; };
		AB8ADE0C2196365F007EE65B /* PlacesMapScreen.png */ = {isa = PBXFileReference; lastKnownFileType = image.png; path = PlacesMapScreen.png; sourceTree = "<group>"; };
		AB8ADE0D2196365F007EE65B /* LaunchScreen.png */ = {isa = PBXFileReference; lastKnownFileType = image.png; path = LaunchScreen.png; sourceTree = "<group>"; };
		AB925021218FA20F003258C3 /* PlaceAnnotation.swift */ = {isa = PBXFileReference; lastKnownFileType = sourcecode.swift; path = PlaceAnnotation.swift; sourceTree = "<group>"; };
		ABC9BBD7218E552800A9CDB7 /* ru */ = {isa = PBXFileReference; lastKnownFileType = text.plist.strings; name = ru; path = ru.lproj/Main.strings; sourceTree = "<group>"; };
		ABC9BBD8218E552800A9CDB7 /* ru */ = {isa = PBXFileReference; lastKnownFileType = text.plist.strings; name = ru; path = ru.lproj/LaunchScreen.strings; sourceTree = "<group>"; };
		ABC9BBDD218E567700A9CDB7 /* LocalizationManager.swift */ = {isa = PBXFileReference; lastKnownFileType = sourcecode.swift; path = LocalizationManager.swift; sourceTree = "<group>"; };
		ABC9BBE0218E572400A9CDB7 /* ru */ = {isa = PBXFileReference; lastKnownFileType = text.plist.strings; name = ru; path = ru.lproj/Localizable.strings; sourceTree = "<group>"; };
/* End PBXFileReference section */

/* Begin PBXFrameworksBuildPhase section */
		AB13CB8B218D0ECE004BE183 /* Frameworks */ = {
			isa = PBXFrameworksBuildPhase;
			buildActionMask = 2147483647;
			files = (
			);
			runOnlyForDeploymentPostprocessing = 0;
		};
/* End PBXFrameworksBuildPhase section */

/* Begin PBXGroup section */
		AB13CB85218D0ECE004BE183 = {
			isa = PBXGroup;
			children = (
				AB13CB90218D0ECE004BE183 /* Places */,
				AB13CB8F218D0ECE004BE183 /* Products */,
				AB8ADE01219634FB007EE65B /* Screenshots */,
			);
			sourceTree = "<group>";
		};
		AB13CB8F218D0ECE004BE183 /* Products */ = {
			isa = PBXGroup;
			children = (
				AB13CB8E218D0ECE004BE183 /* Places.app */,
			);
			name = Products;
			sourceTree = "<group>";
		};
		AB13CB90218D0ECE004BE183 /* Places */ = {
			isa = PBXGroup;
			children = (
				AB13CB91218D0ECE004BE183 /* AppDelegate.swift */,
				AB13CBA0218D0ECF004BE183 /* Info.plist */,
				AB13CB9B218D0ECF004BE183 /* Assets.xcassets */,
				ABC9BBDD218E567700A9CDB7 /* LocalizationManager.swift */,
				ABC9BBE1218E572400A9CDB7 /* Localizable.strings */,
				AB925024218FA3EE003258C3 /* Models */,
				AB925020218FA0F9003258C3 /* View */,
				AB925023218FA3CE003258C3 /* Controllers */,
			);
			path = Places;
			sourceTree = "<group>";
		};
		AB5940DC218D9D7200E605B0 /* AppData */ = {
			isa = PBXGroup;
			children = (
				AB5940DD218D9E8700E605B0 /* Places.xcdatamodeld */,
				AB5940EC218D9FA100E605B0 /* CoreDataManager.swift */,
				AB5940E2218D9F1C00E605B0 /* Place+CoreDataClass.swift */,
				AB5940E3218D9F1C00E605B0 /* Place+CoreDataProperties.swift */,
				AB5940E0218D9F1C00E605B0 /* PlaceImage+CoreDataClass.swift */,
				AB5940E1218D9F1C00E605B0 /* PlaceImage+CoreDataProperties.swift */,
				AB5940E4218D9F1C00E605B0 /* Location+CoreDataClass.swift */,
				AB5940E5218D9F1C00E605B0 /* Location+CoreDataProperties.swift */,
			);
			path = AppData;
			sourceTree = "<group>";
		};
		AB8ADE01219634FB007EE65B /* Screenshots */ = {
			isa = PBXGroup;
			children = (
				AB8ADE0D2196365F007EE65B /* LaunchScreen.png */,
				AB8ADE0B2196365F007EE65B /* PlaceAddingScreen.png */,
				AB8ADE0A2196365F007EE65B /* PlacesListScreen.png */,
				AB8ADE0C2196365F007EE65B /* PlacesMapScreen.png */,
			);
			path = Screenshots;
			sourceTree = "<group>";
		};
		AB925020218FA0F9003258C3 /* View */ = {
			isa = PBXGroup;
			children = (
				AB13CB95218D0ECE004BE183 /* Main.storyboard */,
				AB13CB9D218D0ECF004BE183 /* LaunchScreen.storyboard */,
			);
			path = View;
			sourceTree = "<group>";
		};
		AB925023218FA3CE003258C3 /* Controllers */ = {
			isa = PBXGroup;
			children = (
				AB5940EE218DA97C00E605B0 /* PlacesController.swift */,
				AB5940F0218DABA500E605B0 /* PlacesCell.swift */,
				AB868648218DB93700EE81CE /* PlaceController.swift */,
				AB5940F2218DAE9600E605B0 /* MapController.swift */,
			);
			path = Controllers;
			sourceTree = "<group>";
		};
		AB925024218FA3EE003258C3 /* Models */ = {
			isa = PBXGroup;
			children = (
				AB86864B218E1EBF00EE81CE /* LocationManager.swift */,
				AB925021218FA20F003258C3 /* PlaceAnnotation.swift */,
				AB5940DC218D9D7200E605B0 /* AppData */,
			);
			path = Models;
			sourceTree = "<group>";
		};
/* End PBXGroup section */

/* Begin PBXNativeTarget section */
		AB13CB8D218D0ECE004BE183 /* Places */ = {
			isa = PBXNativeTarget;
			buildConfigurationList = AB13CBA3218D0ECF004BE183 /* Build configuration list for PBXNativeTarget "Places" */;
			buildPhases = (
				AB13CB8A218D0ECE004BE183 /* Sources */,
				AB13CB8B218D0ECE004BE183 /* Frameworks */,
				AB13CB8C218D0ECE004BE183 /* Resources */,
			);
			buildRules = (
			);
			dependencies = (
			);
			name = Places;
			productName = Places;
			productReference = AB13CB8E218D0ECE004BE183 /* Places.app */;
			productType = "com.apple.product-type.application";
		};
/* End PBXNativeTarget section */

/* Begin PBXProject section */
		AB13CB86218D0ECE004BE183 /* Project object */ = {
			isa = PBXProject;
			attributes = {
				LastSwiftUpdateCheck = 1010;
				LastUpgradeCheck = 1010;
				ORGANIZATIONNAME = "Алексей Воронов";
				TargetAttributes = {
					AB13CB8D218D0ECE004BE183 = {
						CreatedOnToolsVersion = 10.1;
					};
				};
			};
			buildConfigurationList = AB13CB89218D0ECE004BE183 /* Build configuration list for PBXProject "Places" */;
			compatibilityVersion = "Xcode 9.3";
			developmentRegion = en;
			hasScannedForEncodings = 0;
			knownRegions = (
				en,
				Base,
			);
			mainGroup = AB13CB85218D0ECE004BE183;
			productRefGroup = AB13CB8F218D0ECE004BE183 /* Products */;
			projectDirPath = "";
			projectRoot = "";
			targets = (
				AB13CB8D218D0ECE004BE183 /* Places */,
			);
		};
/* End PBXProject section */

/* Begin PBXResourcesBuildPhase section */
		AB13CB8C218D0ECE004BE183 /* Resources */ = {
			isa = PBXResourcesBuildPhase;
			buildActionMask = 2147483647;
			files = (
				AB13CB9F218D0ECF004BE183 /* LaunchScreen.storyboard in Resources */,
				AB13CB9C218D0ECF004BE183 /* Assets.xcassets in Resources */,
				AB8ADE0F2196365F007EE65B /* PlaceAddingScreen.png in Resources */,
				AB8ADE0E2196365F007EE65B /* PlacesListScreen.png in Resources */,
				AB8ADE102196365F007EE65B /* PlacesMapScreen.png in Resources */,
				AB13CB97218D0ECE004BE183 /* Main.storyboard in Resources */,
				AB8ADE112196365F007EE65B /* LaunchScreen.png in Resources */,
				ABC9BBDF218E572400A9CDB7 /* Localizable.strings in Resources */,
			);
			runOnlyForDeploymentPostprocessing = 0;
		};
/* End PBXResourcesBuildPhase section */

/* Begin PBXSourcesBuildPhase section */
		AB13CB8A218D0ECE004BE183 /* Sources */ = {
			isa = PBXSourcesBuildPhase;
			buildActionMask = 2147483647;
			files = (
				AB868649218DB93700EE81CE /* PlaceController.swift in Sources */,
				AB5940EB218D9F1C00E605B0 /* Location+CoreDataProperties.swift in Sources */,
				AB5940EA218D9F1C00E605B0 /* Location+CoreDataClass.swift in Sources */,
				AB5940E8218D9F1C00E605B0 /* Place+CoreDataClass.swift in Sources */,
				AB5940E9218D9F1C00E605B0 /* Place+CoreDataProperties.swift in Sources */,
				AB925022218FA20F003258C3 /* PlaceAnnotation.swift in Sources */,
				AB5940F3218DAE9600E605B0 /* MapController.swift in Sources */,
				AB13CB92218D0ECE004BE183 /* AppDelegate.swift in Sources */,
				AB5940F1218DABA500E605B0 /* PlacesCell.swift in Sources */,
				AB5940E7218D9F1C00E605B0 /* PlaceImage+CoreDataProperties.swift in Sources */,
				AB5940ED218D9FA100E605B0 /* CoreDataManager.swift in Sources */,
				ABC9BBDE218E567700A9CDB7 /* LocalizationManager.swift in Sources */,
				AB86864C218E1EBF00EE81CE /* LocationManager.swift in Sources */,
				AB5940EF218DA97C00E605B0 /* PlacesController.swift in Sources */,
				AB5940DF218D9E8700E605B0 /* Places.xcdatamodeld in Sources */,
				AB5940E6218D9F1C00E605B0 /* PlaceImage+CoreDataClass.swift in Sources */,
			);
			runOnlyForDeploymentPostprocessing = 0;
		};
/* End PBXSourcesBuildPhase section */

/* Begin PBXVariantGroup section */
		AB13CB95218D0ECE004BE183 /* Main.storyboard */ = {
			isa = PBXVariantGroup;
			children = (
				AB13CB96218D0ECE004BE183 /* Base */,
				ABC9BBD7218E552800A9CDB7 /* ru */,
			);
			name = Main.storyboard;
			sourceTree = "<group>";
		};
		AB13CB9D218D0ECF004BE183 /* LaunchScreen.storyboard */ = {
			isa = PBXVariantGroup;
			children = (
				AB13CB9E218D0ECF004BE183 /* Base */,
				ABC9BBD8218E552800A9CDB7 /* ru */,
			);
			name = LaunchScreen.storyboard;
			sourceTree = "<group>";
		};
		ABC9BBE1218E572400A9CDB7 /* Localizable.strings */ = {
			isa = PBXVariantGroup;
			children = (
				ABC9BBE0218E572400A9CDB7 /* ru */,
			);
			name = Localizable.strings;
			sourceTree = "<group>";
		};
/* End PBXVariantGroup section */

/* Begin XCBuildConfiguration section */
		AB13CBA1218D0ECF004BE183 /* Debug */ = {
			isa = XCBuildConfiguration;
			buildSettings = {
				ALWAYS_SEARCH_USER_PATHS = NO;
				CLANG_ANALYZER_LOCALIZABILITY_NONLOCALIZED = YES;
				CLANG_ANALYZER_NONNULL = YES;
				CLANG_ANALYZER_NUMBER_OBJECT_CONVERSION = YES_AGGRESSIVE;
				CLANG_CXX_LANGUAGE_STANDARD = "gnu++14";
				CLANG_CXX_LIBRARY = "libc++";
				CLANG_ENABLE_MODULES = YES;
				CLANG_ENABLE_OBJC_ARC = YES;
				CLANG_ENABLE_OBJC_WEAK = YES;
				CLANG_WARN_BLOCK_CAPTURE_AUTORELEASING = YES;
				CLANG_WARN_BOOL_CONVERSION = YES;
				CLANG_WARN_COMMA = YES;
				CLANG_WARN_CONSTANT_CONVERSION = YES;
				CLANG_WARN_DEPRECATED_OBJC_IMPLEMENTATIONS = YES;
				CLANG_WARN_DIRECT_OBJC_ISA_USAGE = YES_ERROR;
				CLANG_WARN_DOCUMENTATION_COMMENTS = YES;
				CLANG_WARN_EMPTY_BODY = YES;
				CLANG_WARN_ENUM_CONVERSION = YES;
				CLANG_WARN_INFINITE_RECURSION = YES;
				CLANG_WARN_INT_CONVERSION = YES;
				CLANG_WARN_NON_LITERAL_NULL_CONVERSION = YES;
				CLANG_WARN_OBJC_IMPLICIT_RETAIN_SELF = YES;
				CLANG_WARN_OBJC_LITERAL_CONVERSION = YES;
				CLANG_WARN_OBJC_ROOT_CLASS = YES_ERROR;
				CLANG_WARN_RANGE_LOOP_ANALYSIS = YES;
				CLANG_WARN_STRICT_PROTOTYPES = YES;
				CLANG_WARN_SUSPICIOUS_MOVE = YES;
				CLANG_WARN_UNGUARDED_AVAILABILITY = YES_AGGRESSIVE;
				CLANG_WARN_UNREACHABLE_CODE = YES;
				CLANG_WARN__DUPLICATE_METHOD_MATCH = YES;
				CODE_SIGN_IDENTITY = "iPhone Developer";
				COPY_PHASE_STRIP = NO;
				DEBUG_INFORMATION_FORMAT = dwarf;
				ENABLE_STRICT_OBJC_MSGSEND = YES;
				ENABLE_TESTABILITY = YES;
				GCC_C_LANGUAGE_STANDARD = gnu11;
				GCC_DYNAMIC_NO_PIC = NO;
				GCC_NO_COMMON_BLOCKS = YES;
				GCC_OPTIMIZATION_LEVEL = 0;
				GCC_PREPROCESSOR_DEFINITIONS = (
					"DEBUG=1",
					"$(inherited)",
				);
				GCC_WARN_64_TO_32_BIT_CONVERSION = YES;
				GCC_WARN_ABOUT_RETURN_TYPE = YES_ERROR;
				GCC_WARN_UNDECLARED_SELECTOR = YES;
				GCC_WARN_UNINITIALIZED_AUTOS = YES_AGGRESSIVE;
				GCC_WARN_UNUSED_FUNCTION = YES;
				GCC_WARN_UNUSED_VARIABLE = YES;
				IPHONEOS_DEPLOYMENT_TARGET = 12.1;
				MTL_ENABLE_DEBUG_INFO = INCLUDE_SOURCE;
				MTL_FAST_MATH = YES;
				ONLY_ACTIVE_ARCH = YES;
				SDKROOT = iphoneos;
				SWIFT_ACTIVE_COMPILATION_CONDITIONS = DEBUG;
				SWIFT_OPTIMIZATION_LEVEL = "-Onone";
			};
			name = Debug;
		};
		AB13CBA2218D0ECF004BE183 /* Release */ = {
			isa = XCBuildConfiguration;
			buildSettings = {
				ALWAYS_SEARCH_USER_PATHS = NO;
				CLANG_ANALYZER_LOCALIZABILITY_NONLOCALIZED = YES;
				CLANG_ANALYZER_NONNULL = YES;
				CLANG_ANALYZER_NUMBER_OBJECT_CONVERSION = YES_AGGRESSIVE;
				CLANG_CXX_LANGUAGE_STANDARD = "gnu++14";
				CLANG_CXX_LIBRARY = "libc++";
				CLANG_ENABLE_MODULES = YES;
				CLANG_ENABLE_OBJC_ARC = YES;
				CLANG_ENABLE_OBJC_WEAK = YES;
				CLANG_WARN_BLOCK_CAPTURE_AUTORELEASING = YES;
				CLANG_WARN_BOOL_CONVERSION = YES;
				CLANG_WARN_COMMA = YES;
				CLANG_WARN_CONSTANT_CONVERSION = YES;
				CLANG_WARN_DEPRECATED_OBJC_IMPLEMENTATIONS = YES;
				CLANG_WARN_DIRECT_OBJC_ISA_USAGE = YES_ERROR;
				CLANG_WARN_DOCUMENTATION_COMMENTS = YES;
				CLANG_WARN_EMPTY_BODY = YES;
				CLANG_WARN_ENUM_CONVERSION = YES;
				CLANG_WARN_INFINITE_RECURSION = YES;
				CLANG_WARN_INT_CONVERSION = YES;
				CLANG_WARN_NON_LITERAL_NULL_CONVERSION = YES;
				CLANG_WARN_OBJC_IMPLICIT_RETAIN_SELF = YES;
				CLANG_WARN_OBJC_LITERAL_CONVERSION = YES;
				CLANG_WARN_OBJC_ROOT_CLASS = YES_ERROR;
				CLANG_WARN_RANGE_LOOP_ANALYSIS = YES;
				CLANG_WARN_STRICT_PROTOTYPES = YES;
				CLANG_WARN_SUSPICIOUS_MOVE = YES;
				CLANG_WARN_UNGUARDED_AVAILABILITY = YES_AGGRESSIVE;
				CLANG_WARN_UNREACHABLE_CODE = YES;
				CLANG_WARN__DUPLICATE_METHOD_MATCH = YES;
				CODE_SIGN_IDENTITY = "iPhone Developer";
				COPY_PHASE_STRIP = NO;
				DEBUG_INFORMATION_FORMAT = "dwarf-with-dsym";
				ENABLE_NS_ASSERTIONS = NO;
				ENABLE_STRICT_OBJC_MSGSEND = YES;
				GCC_C_LANGUAGE_STANDARD = gnu11;
				GCC_NO_COMMON_BLOCKS = YES;
				GCC_WARN_64_TO_32_BIT_CONVERSION = YES;
				GCC_WARN_ABOUT_RETURN_TYPE = YES_ERROR;
				GCC_WARN_UNDECLARED_SELECTOR = YES;
				GCC_WARN_UNINITIALIZED_AUTOS = YES_AGGRESSIVE;
				GCC_WARN_UNUSED_FUNCTION = YES;
				GCC_WARN_UNUSED_VARIABLE = YES;
				IPHONEOS_DEPLOYMENT_TARGET = 12.1;
				MTL_ENABLE_DEBUG_INFO = NO;
				MTL_FAST_MATH = YES;
				SDKROOT = iphoneos;
				SWIFT_COMPILATION_MODE = wholemodule;
				SWIFT_OPTIMIZATION_LEVEL = "-O";
				VALIDATE_PRODUCT = YES;
			};
			name = Release;
		};
		AB13CBA4218D0ECF004BE183 /* Debug */ = {
			isa = XCBuildConfiguration;
			buildSettings = {
				ASSETCATALOG_COMPILER_APPICON_NAME = AppIcon;
				CODE_SIGN_STYLE = Automatic;
				DEVELOPMENT_TEAM = N8AX386RTP;
				INFOPLIST_FILE = Places/Info.plist;
				LD_RUNPATH_SEARCH_PATHS = (
					"$(inherited)",
					"@executable_path/Frameworks",
				);
				PRODUCT_BUNDLE_IDENTIFIER = AlexeyVoronov.Places;
				PRODUCT_NAME = "$(TARGET_NAME)";
				SWIFT_VERSION = 4.2;
				TARGETED_DEVICE_FAMILY = "1,2";
			};
			name = Debug;
		};
		AB13CBA5218D0ECF004BE183 /* Release */ = {
			isa = XCBuildConfiguration;
			buildSettings = {
				ASSETCATALOG_COMPILER_APPICON_NAME = AppIcon;
				CODE_SIGN_STYLE = Automatic;
				DEVELOPMENT_TEAM = N8AX386RTP;
				INFOPLIST_FILE = Places/Info.plist;
				LD_RUNPATH_SEARCH_PATHS = (
					"$(inherited)",
					"@executable_path/Frameworks",
				);
				PRODUCT_BUNDLE_IDENTIFIER = AlexeyVoronov.Places;
				PRODUCT_NAME = "$(TARGET_NAME)";
				SWIFT_VERSION = 4.2;
				TARGETED_DEVICE_FAMILY = "1,2";
			};
			name = Release;
		};
/* End XCBuildConfiguration section */

/* Begin XCConfigurationList section */
		AB13CB89218D0ECE004BE183 /* Build configuration list for PBXProject "Places" */ = {
			isa = XCConfigurationList;
			buildConfigurations = (
				AB13CBA1218D0ECF004BE183 /* Debug */,
				AB13CBA2218D0ECF004BE183 /* Release */,
			);
			defaultConfigurationIsVisible = 0;
			defaultConfigurationName = Release;
		};
		AB13CBA3218D0ECF004BE183 /* Build configuration list for PBXNativeTarget "Places" */ = {
			isa = XCConfigurationList;
			buildConfigurations = (
				AB13CBA4218D0ECF004BE183 /* Debug */,
				AB13CBA5218D0ECF004BE183 /* Release */,
			);
			defaultConfigurationIsVisible = 0;
			defaultConfigurationName = Release;
		};
/* End XCConfigurationList section */

/* Begin XCVersionGroup section */
		AB5940DD218D9E8700E605B0 /* Places.xcdatamodeld */ = {
			isa = XCVersionGroup;
			children = (
				AB5940DE218D9E8700E605B0 /* Places.xcdatamodel */,
			);
			currentVersion = AB5940DE218D9E8700E605B0 /* Places.xcdatamodel */;
			path = Places.xcdatamodeld;
			sourceTree = "<group>";
			versionGroupType = wrapper.xcdatamodel;
		};
/* End XCVersionGroup section */
	};
	rootObject = AB13CB86218D0ECE004BE183 /* Project object */;
}
